
Microsoft Visual Studio Solution File, Format Version 12.00
# Visual Studio Version 17
VisualStudioVersion = 17.4.33103.184
MinimumVisualStudioVersion = 10.0.40219.1
Project("{FAE04EC0-301F-11D3-BF4B-00C04F79EFBC}") = "Funciones", "Funciones.csproj", "{655A20CB-BA21-4167-A4D8-253F17F40752}"
EndProject
Global
	GlobalSection(SolutionConfigurationPlatforms) = preSolution
		Debug|Any CPU = Debug|Any CPU
		Release|Any CPU = Release|Any CPU
	EndGlobalSection
	GlobalSection(ProjectConfigurationPlatforms) = postSolution
		{655A20CB-BA21-4167-A4D8-253F17F40752}.Debug|Any CPU.ActiveCfg = Debug|Any CPU
		{655A20CB-BA21-4167-A4D8-253F17F40752}.Debug|Any CPU.Build.0 = Debug|Any CPU
		{655A20CB-BA21-4167-A4D8-253F17F40752}.Release|Any CPU.ActiveCfg = Release|Any CPU
		{655A20CB-BA21-4167-A4D8-253F17F40752}.Release|Any CPU.Build.0 = Release|Any CPU
	EndGlobalSection
	GlobalSection(SolutionProperties) = preSolution
		HideSolutionNode = FALSE
	EndGlobalSection
	GlobalSection(ExtensibilityGlobals) = postSolution
		SolutionGuid = {0363FD51-1A4D-4798-B0C0-CFCE12430631}
	EndGlobalSection
EndGlobal
